
Microsoft Visual Studio Solution File, Format Version 12.00
# Visual Studio Version 17
VisualStudioVersion = 17.0.31903.59
MinimumVisualStudioVersion = 10.0.40219.1
Project("{FAE04EC0-301F-11D3-BF4B-00C04F79EFBC}") = "ListNode48", "ListNode48.csproj", "{A5FACD60-F958-46FE-BDFF-4A992C1DF439}"
EndProject
Global
	GlobalSection(SolutionConfigurationPlatforms) = preSolution
		Debug|Any CPU = Debug|Any CPU
		Release|Any CPU = Release|Any CPU
	EndGlobalSection
	GlobalSection(ProjectConfigurationPlatforms) = postSolution
		{A5FACD60-F958-46FE-BDFF-4A992C1DF439}.Debug|Any CPU.ActiveCfg = Debug|Any CPU
		{A5FACD60-F958-46FE-BDFF-4A992C1DF439}.Debug|Any CPU.Build.0 = Debug|Any CPU
		{A5FACD60-F958-46FE-BDFF-4A992C1DF439}.Release|Any CPU.ActiveCfg = Release|Any CPU
		{A5FACD60-F958-46FE-BDFF-4A992C1DF439}.Release|Any CPU.Build.0 = Release|Any CPU
	EndGlobalSection
	GlobalSection(SolutionProperties) = preSolution
		HideSolutionNode = FALSE
	EndGlobalSection
	GlobalSection(ExtensibilityGlobals) = postSolution
		SolutionGuid = {482E567A-5FAE-4B0C-BBCF-F8698F6F357D}
	EndGlobalSection
EndGlobal
